
Microsoft Visual Studio Solution File, Format Version 12.00
# Visual Studio Version 17
VisualStudioVersion = 17.5.33424.131
MinimumVisualStudioVersion = 10.0.40219.1
Project("{9A19103F-16F7-4668-BE54-9A1E7A4F7556}") = "HrManagement", "HrManagement\HrManagement.csproj", "{8EF8CE28-160C-44CD-A0AB-A038A65D5D46}"
EndProject
Project("{FAE04EC0-301F-11D3-BF4B-00C04F79EFBC}") = "HrManagement.Core", "HrManagement.Core\HrManagement.Core.csproj", "{7FF94994-0561-4EF6-92F6-01622199D00D}"
EndProject
Project("{FAE04EC0-301F-11D3-BF4B-00C04F79EFBC}") = "HrManagement.EF", "HrManagement.EF\HrManagement.EF.csproj", "{672A12F2-8315-4E6E-A0F8-BC5E17A40C54}"
EndProject
Global
	GlobalSection(SolutionConfigurationPlatforms) = preSolution
		Debug|Any CPU = Debug|Any CPU
		Release|Any CPU = Release|Any CPU
	EndGlobalSection
	GlobalSection(ProjectConfigurationPlatforms) = postSolution
		{8EF8CE28-160C-44CD-A0AB-A038A65D5D46}.Debug|Any CPU.ActiveCfg = Debug|Any CPU
		{8EF8CE28-160C-44CD-A0AB-A038A65D5D46}.Debug|Any CPU.Build.0 = Debug|Any CPU
		{8EF8CE28-160C-44CD-A0AB-A038A65D5D46}.Release|Any CPU.ActiveCfg = Release|Any CPU
		{8EF8CE28-160C-44CD-A0AB-A038A65D5D46}.Release|Any CPU.Build.0 = Release|Any CPU
		{7FF94994-0561-4EF6-92F6-01622199D00D}.Debug|Any CPU.ActiveCfg = Debug|Any CPU
		{7FF94994-0561-4EF6-92F6-01622199D00D}.Debug|Any CPU.Build.0 = Debug|Any CPU
		{7FF94994-0561-4EF6-92F6-01622199D00D}.Release|Any CPU.ActiveCfg = Release|Any CPU
		{7FF94994-0561-4EF6-92F6-01622199D00D}.Release|Any CPU.Build.0 = Release|Any CPU
		{672A12F2-8315-4E6E-A0F8-BC5E17A40C54}.Debug|Any CPU.ActiveCfg = Debug|Any CPU
		{672A12F2-8315-4E6E-A0F8-BC5E17A40C54}.Debug|Any CPU.Build.0 = Debug|Any CPU
		{672A12F2-8315-4E6E-A0F8-BC5E17A40C54}.Release|Any CPU.ActiveCfg = Release|Any CPU
		{672A12F2-8315-4E6E-A0F8-BC5E17A40C54}.Release|Any CPU.Build.0 = Release|Any CPU
	EndGlobalSection
	GlobalSection(SolutionProperties) = preSolution
		HideSolutionNode = FALSE
	EndGlobalSection
	GlobalSection(ExtensibilityGlobals) = postSolution
		SolutionGuid = {BB7931D0-E429-4827-B41D-56D557ABCE4F}
	EndGlobalSection
EndGlobal
